// !$*UTF8*$!
{
	archiveVersion = 1;
	classes = {
	};
	objectVersion = 56;
	objects = {

/* Begin PBXBuildFile section */
		ACA2A3732A2AA56C00A7DDBD /* SolfaDrill_prototype_App.swift in Sources */ = {isa = PBXBuildFile; fileRef = ACA2A3722A2AA56C00A7DDBD /* SolfaDrill_prototype_App.swift */; };
		ACA2A3752A2AA56C00A7DDBD /* ContentView.swift in Sources */ = {isa = PBXBuildFile; fileRef = ACA2A3742A2AA56C00A7DDBD /* ContentView.swift */; };
		ACA2A3772A2AA56D00A7DDBD /* Assets.xcassets in Resources */ = {isa = PBXBuildFile; fileRef = ACA2A3762A2AA56D00A7DDBD /* Assets.xcassets */; };
		ACA2A37A2A2AA56D00A7DDBD /* Preview Assets.xcassets in Resources */ = {isa = PBXBuildFile; fileRef = ACA2A3792A2AA56D00A7DDBD /* Preview Assets.xcassets */; };
		ACA2A38B2A2AAA6200A7DDBD /* Tuning.mp3 in Resources */ = {isa = PBXBuildFile; fileRef = ACA2A3812A2AAA6200A7DDBD /* Tuning.mp3 */; };
		ACA2A38C2A2AAA6200A7DDBD /* G.mp3 in Resources */ = {isa = PBXBuildFile; fileRef = ACA2A3822A2AAA6200A7DDBD /* G.mp3 */; };
		ACA2A38D2A2AAA6200A7DDBD /* C.mp3 in Resources */ = {isa = PBXBuildFile; fileRef = ACA2A3832A2AAA6200A7DDBD /* C.mp3 */; };
		ACA2A38E2A2AAA6200A7DDBD /* D.mp3 in Resources */ = {isa = PBXBuildFile; fileRef = ACA2A3842A2AAA6200A7DDBD /* D.mp3 */; };
		ACA2A38F2A2AAA6200A7DDBD /* TuningFast.mp3 in Resources */ = {isa = PBXBuildFile; fileRef = ACA2A3852A2AAA6200A7DDBD /* TuningFast.mp3 */; };
		ACA2A3902A2AAA6200A7DDBD /* B.mp3 in Resources */ = {isa = PBXBuildFile; fileRef = ACA2A3862A2AAA6200A7DDBD /* B.mp3 */; };
		ACA2A3912A2AAA6200A7DDBD /* A.mp3 in Resources */ = {isa = PBXBuildFile; fileRef = ACA2A3872A2AAA6200A7DDBD /* A.mp3 */; };
		ACA2A3922A2AAA6200A7DDBD /* E.mp3 in Resources */ = {isa = PBXBuildFile; fileRef = ACA2A3882A2AAA6200A7DDBD /* E.mp3 */; };
		ACA2A3932A2AAA6200A7DDBD /* F.mp3 in Resources */ = {isa = PBXBuildFile; fileRef = ACA2A3892A2AAA6200A7DDBD /* F.mp3 */; };
		ACA2A3942A2AAA6200A7DDBD /* Chigh.mp3 in Resources */ = {isa = PBXBuildFile; fileRef = ACA2A38A2A2AAA6200A7DDBD /* Chigh.mp3 */; };
		ACA2A3962A2AAC4300A7DDBD /* PlaySound.swift in Sources */ = {isa = PBXBuildFile; fileRef = ACA2A3952A2AAC4300A7DDBD /* PlaySound.swift */; };
		ACB1971E2A339E3F005F8BCC /* Challenge.swift in Sources */ = {isa = PBXBuildFile; fileRef = ACB1971D2A339E3F005F8BCC /* Challenge.swift */; };
/* End PBXBuildFile section */

/* Begin PBXFileReference section */
		ACA2A36F2A2AA56C00A7DDBD /* SolfaDrill(prototype).app */ = {isa = PBXFileReference; explicitFileType = wrapper.application; includeInIndex = 0; path = "SolfaDrill(prototype).app"; sourceTree = BUILT_PRODUCTS_DIR; };
		ACA2A3722A2AA56C00A7DDBD /* SolfaDrill_prototype_App.swift */ = {isa = PBXFileReference; lastKnownFileType = sourcecode.swift; path = SolfaDrill_prototype_App.swift; sourceTree = "<group>"; };
		ACA2A3742A2AA56C00A7DDBD /* ContentView.swift */ = {isa = PBXFileReference; lastKnownFileType = sourcecode.swift; path = ContentView.swift; sourceTree = "<group>"; };
		ACA2A3762A2AA56D00A7DDBD /* Assets.xcassets */ = {isa = PBXFileReference; lastKnownFileType = folder.assetcatalog; path = Assets.xcassets; sourceTree = "<group>"; };
		ACA2A3792A2AA56D00A7DDBD /* Preview Assets.xcassets */ = {isa = PBXFileReference; lastKnownFileType = folder.assetcatalog; path = "Preview Assets.xcassets"; sourceTree = "<group>"; };
		ACA2A3812A2AAA6200A7DDBD /* Tuning.mp3 */ = {isa = PBXFileReference; lastKnownFileType = audio.mp3; name = Tuning.mp3; path = Solfaapp/Tuning.mp3; sourceTree = SOURCE_ROOT; };
		ACA2A3822A2AAA6200A7DDBD /* G.mp3 */ = {isa = PBXFileReference; lastKnownFileType = audio.mp3; name = G.mp3; path = Solfaapp/G.mp3; sourceTree = SOURCE_ROOT; };
		ACA2A3832A2AAA6200A7DDBD /* C.mp3 */ = {isa = PBXFileReference; lastKnownFileType = audio.mp3; name = C.mp3; path = Solfaapp/C.mp3; sourceTree = SOURCE_ROOT; };
		ACA2A3842A2AAA6200A7DDBD /* D.mp3 */ = {isa = PBXFileReference; lastKnownFileType = audio.mp3; name = D.mp3; path = Solfaapp/D.mp3; sourceTree = SOURCE_ROOT; };
		ACA2A3852A2AAA6200A7DDBD /* TuningFast.mp3 */ = {isa = PBXFileReference; lastKnownFileType = audio.mp3; name = TuningFast.mp3; path = Solfaapp/TuningFast.mp3; sourceTree = SOURCE_ROOT; };
		ACA2A3862A2AAA6200A7DDBD /* B.mp3 */ = {isa = PBXFileReference; lastKnownFileType = audio.mp3; name = B.mp3; path = Solfaapp/B.mp3; sourceTree = SOURCE_ROOT; };
		ACA2A3872A2AAA6200A7DDBD /* A.mp3 */ = {isa = PBXFileReference; lastKnownFileType = audio.mp3; name = A.mp3; path = Solfaapp/A.mp3; sourceTree = SOURCE_ROOT; };
		ACA2A3882A2AAA6200A7DDBD /* E.mp3 */ = {isa = PBXFileReference; lastKnownFileType = audio.mp3; name = E.mp3; path = Solfaapp/E.mp3; sourceTree = SOURCE_ROOT; };
		ACA2A3892A2AAA6200A7DDBD /* F.mp3 */ = {isa = PBXFileReference; lastKnownFileType = audio.mp3; name = F.mp3; path = Solfaapp/F.mp3; sourceTree = SOURCE_ROOT; };
		ACA2A38A2A2AAA6200A7DDBD /* Chigh.mp3 */ = {isa = PBXFileReference; lastKnownFileType = audio.mp3; name = Chigh.mp3; path = Solfaapp/Chigh.mp3; sourceTree = SOURCE_ROOT; };
		ACA2A3952A2AAC4300A7DDBD /* PlaySound.swift */ = {isa = PBXFileReference; lastKnownFileType = sourcecode.swift; path = PlaySound.swift; sourceTree = "<group>"; };
		ACB1971D2A339E3F005F8BCC /* Challenge.swift */ = {isa = PBXFileReference; lastKnownFileType = sourcecode.swift; path = Challenge.swift; sourceTree = "<group>"; };
/* End PBXFileReference section */

/* Begin PBXFrameworksBuildPhase section */
		ACA2A36C2A2AA56C00A7DDBD /* Frameworks */ = {
			isa = PBXFrameworksBuildPhase;
			buildActionMask = 2147483647;
			files = (
			);
			runOnlyForDeploymentPostprocessing = 0;
		};
/* End PBXFrameworksBuildPhase section */

/* Begin PBXGroup section */
		ACA2A3662A2AA56C00A7DDBD = {
			isa = PBXGroup;
			children = (
				ACA2A3712A2AA56C00A7DDBD /* SolfaDrill(prototype) */,
				ACA2A3702A2AA56C00A7DDBD /* Products */,
			);
			sourceTree = "<group>";
		};
		ACA2A3702A2AA56C00A7DDBD /* Products */ = {
			isa = PBXGroup;
			children = (
				ACA2A36F2A2AA56C00A7DDBD /* SolfaDrill(prototype).app */,
			);
			name = Products;
			sourceTree = "<group>";
		};
		ACA2A3712A2AA56C00A7DDBD /* SolfaDrill(prototype) */ = {
			isa = PBXGroup;
			children = (
				ACB1971F2A339E4A005F8BCC /* Model */,
				ACA2A3802A2AA9FA00A7DDBD /* Sounds */,
				ACA2A3722A2AA56C00A7DDBD /* SolfaDrill_prototype_App.swift */,
				ACA2A3742A2AA56C00A7DDBD /* ContentView.swift */,
				ACA2A3762A2AA56D00A7DDBD /* Assets.xcassets */,
				ACA2A3782A2AA56D00A7DDBD /* Preview Content */,
			);
			path = "SolfaDrill(prototype)";
			sourceTree = "<group>";
		};
		ACA2A3782A2AA56D00A7DDBD /* Preview Content */ = {
			isa = PBXGroup;
			children = (
				ACA2A3792A2AA56D00A7DDBD /* Preview Assets.xcassets */,
			);
			path = "Preview Content";
			sourceTree = "<group>";
		};
		ACA2A3802A2AA9FA00A7DDBD /* Sounds */ = {
			isa = PBXGroup;
			children = (
				ACA2A3952A2AAC4300A7DDBD /* PlaySound.swift */,
				ACA2A3872A2AAA6200A7DDBD /* A.mp3 */,
				ACA2A3862A2AAA6200A7DDBD /* B.mp3 */,
				ACA2A3832A2AAA6200A7DDBD /* C.mp3 */,
				ACA2A38A2A2AAA6200A7DDBD /* Chigh.mp3 */,
				ACA2A3842A2AAA6200A7DDBD /* D.mp3 */,
				ACA2A3882A2AAA6200A7DDBD /* E.mp3 */,
				ACA2A3892A2AAA6200A7DDBD /* F.mp3 */,
				ACA2A3822A2AAA6200A7DDBD /* G.mp3 */,
				ACA2A3812A2AAA6200A7DDBD /* Tuning.mp3 */,
				ACA2A3852A2AAA6200A7DDBD /* TuningFast.mp3 */,
			);
			path = Sounds;
			sourceTree = "<group>";
		};
		ACB1971F2A339E4A005F8BCC /* Model */ = {
			isa = PBXGroup;
			children = (
				ACB1971D2A339E3F005F8BCC /* Challenge.swift */,
			);
			path = Model;
			sourceTree = "<group>";
		};
/* End PBXGroup section */

/* Begin PBXNativeTarget section */
		ACA2A36E2A2AA56C00A7DDBD /* SolfaDrill(prototype) */ = {
			isa = PBXNativeTarget;
			buildConfigurationList = ACA2A37D2A2AA56D00A7DDBD /* Build configuration list for PBXNativeTarget "SolfaDrill(prototype)" */;
			buildPhases = (
				ACA2A36B2A2AA56C00A7DDBD /* Sources */,
				ACA2A36C2A2AA56C00A7DDBD /* Frameworks */,
				ACA2A36D2A2AA56C00A7DDBD /* Resources */,
			);
			buildRules = (
			);
			dependencies = (
			);
			name = "SolfaDrill(prototype)";
			productName = "SolfaDrill(prototype)";
			productReference = ACA2A36F2A2AA56C00A7DDBD /* SolfaDrill(prototype).app */;
			productType = "com.apple.product-type.application";
		};
/* End PBXNativeTarget section */

/* Begin PBXProject section */
		ACA2A3672A2AA56C00A7DDBD /* Project object */ = {
			isa = PBXProject;
			attributes = {
				BuildIndependentTargetsInParallel = 1;
				LastSwiftUpdateCheck = 1420;
				LastUpgradeCheck = 1420;
				TargetAttributes = {
					ACA2A36E2A2AA56C00A7DDBD = {
						CreatedOnToolsVersion = 14.2;
					};
				};
			};
			buildConfigurationList = ACA2A36A2A2AA56C00A7DDBD /* Build configuration list for PBXProject "SolfaDrill(prototype)" */;
			compatibilityVersion = "Xcode 14.0";
			developmentRegion = en;
			hasScannedForEncodings = 0;
			knownRegions = (
				en,
				Base,
			);
			mainGroup = ACA2A3662A2AA56C00A7DDBD;
			productRefGroup = ACA2A3702A2AA56C00A7DDBD /* Products */;
			projectDirPath = "";
			projectRoot = "";
			targets = (
				ACA2A36E2A2AA56C00A7DDBD /* SolfaDrill(prototype) */,
			);
		};
/* End PBXProject section */

/* Begin PBXResourcesBuildPhase section */
		ACA2A36D2A2AA56C00A7DDBD /* Resources */ = {
			isa = PBXResourcesBuildPhase;
			buildActionMask = 2147483647;
			files = (
				ACA2A3932A2AAA6200A7DDBD /* F.mp3 in Resources */,
				ACA2A38B2A2AAA6200A7DDBD /* Tuning.mp3 in Resources */,
				ACA2A37A2A2AA56D00A7DDBD /* Preview Assets.xcassets in Resources */,
				ACA2A38C2A2AAA6200A7DDBD /* G.mp3 in Resources */,
				ACA2A38E2A2AAA6200A7DDBD /* D.mp3 in Resources */,
				ACA2A3922A2AAA6200A7DDBD /* E.mp3 in Resources */,
				ACA2A38D2A2AAA6200A7DDBD /* C.mp3 in Resources */,
				ACA2A3902A2AAA6200A7DDBD /* B.mp3 in Resources */,
				ACA2A3912A2AAA6200A7DDBD /* A.mp3 in Resources */,
				ACA2A38F2A2AAA6200A7DDBD /* TuningFast.mp3 in Resources */,
				ACA2A3942A2AAA6200A7DDBD /* Chigh.mp3 in Resources */,
				ACA2A3772A2AA56D00A7DDBD /* Assets.xcassets in Resources */,
			);
			runOnlyForDeploymentPostprocessing = 0;
		};
/* End PBXResourcesBuildPhase section */

/* Begin PBXSourcesBuildPhase section */
		ACA2A36B2A2AA56C00A7DDBD /* Sources */ = {
			isa = PBXSourcesBuildPhase;
			buildActionMask = 2147483647;
			files = (
				ACA2A3752A2AA56C00A7DDBD /* ContentView.swift in Sources */,
				ACB1971E2A339E3F005F8BCC /* Challenge.swift in Sources */,
				ACA2A3962A2AAC4300A7DDBD /* PlaySound.swift in Sources */,
				ACA2A3732A2AA56C00A7DDBD /* SolfaDrill_prototype_App.swift in Sources */,
			);
			runOnlyForDeploymentPostprocessing = 0;
		};
/* End PBXSourcesBuildPhase section */

/* Begin XCBuildConfiguration section */
		ACA2A37B2A2AA56D00A7DDBD /* Debug */ = {
			isa = XCBuildConfiguration;
			buildSettings = {
				ALWAYS_SEARCH_USER_PATHS = NO;
				CLANG_ANALYZER_NONNULL = YES;
				CLANG_ANALYZER_NUMBER_OBJECT_CONVERSION = YES_AGGRESSIVE;
				CLANG_CXX_LANGUAGE_STANDARD = "gnu++20";
				CLANG_ENABLE_MODULES = YES;
				CLANG_ENABLE_OBJC_ARC = YES;
				CLANG_ENABLE_OBJC_WEAK = YES;
				CLANG_WARN_BLOCK_CAPTURE_AUTORELEASING = YES;
				CLANG_WARN_BOOL_CONVERSION = YES;
				CLANG_WARN_COMMA = YES;
				CLANG_WARN_CONSTANT_CONVERSION = YES;
				CLANG_WARN_DEPRECATED_OBJC_IMPLEMENTATIONS = YES;
				CLANG_WARN_DIRECT_OBJC_ISA_USAGE = YES_ERROR;
				CLANG_WARN_DOCUMENTATION_COMMENTS = YES;
				CLANG_WARN_EMPTY_BODY = YES;
				CLANG_WARN_ENUM_CONVERSION = YES;
				CLANG_WARN_INFINITE_RECURSION = YES;
				CLANG_WARN_INT_CONVERSION = YES;
				CLANG_WARN_NON_LITERAL_NULL_CONVERSION = YES;
				CLANG_WARN_OBJC_IMPLICIT_RETAIN_SELF = YES;
				CLANG_WARN_OBJC_LITERAL_CONVERSION = YES;
				CLANG_WARN_OBJC_ROOT_CLASS = YES_ERROR;
				CLANG_WARN_QUOTED_INCLUDE_IN_FRAMEWORK_HEADER = YES;
				CLANG_WARN_RANGE_LOOP_ANALYSIS = YES;
				CLANG_WARN_STRICT_PROTOTYPES = YES;
				CLANG_WARN_SUSPICIOUS_MOVE = YES;
				CLANG_WARN_UNGUARDED_AVAILABILITY = YES_AGGRESSIVE;
				CLANG_WARN_UNREACHABLE_CODE = YES;
				CLANG_WARN__DUPLICATE_METHOD_MATCH = YES;
				COPY_PHASE_STRIP = NO;
				DEBUG_INFORMATION_FORMAT = dwarf;
				ENABLE_STRICT_OBJC_MSGSEND = YES;
				ENABLE_TESTABILITY = YES;
				GCC_C_LANGUAGE_STANDARD = gnu11;
				GCC_DYNAMIC_NO_PIC = NO;
				GCC_NO_COMMON_BLOCKS = YES;
				GCC_OPTIMIZATION_LEVEL = 0;
				GCC_PREPROCESSOR_DEFINITIONS = (
					"DEBUG=1",
					"$(inherited)",
				);
				GCC_WARN_64_TO_32_BIT_CONVERSION = YES;
				GCC_WARN_ABOUT_RETURN_TYPE = YES_ERROR;
				GCC_WARN_UNDECLARED_SELECTOR = YES;
				GCC_WARN_UNINITIALIZED_AUTOS = YES_AGGRESSIVE;
				GCC_WARN_UNUSED_FUNCTION = YES;
				GCC_WARN_UNUSED_VARIABLE = YES;
				IPHONEOS_DEPLOYMENT_TARGET = 16.2;
				MTL_ENABLE_DEBUG_INFO = INCLUDE_SOURCE;
				MTL_FAST_MATH = YES;
				ONLY_ACTIVE_ARCH = YES;
				SDKROOT = iphoneos;
				SWIFT_ACTIVE_COMPILATION_CONDITIONS = DEBUG;
				SWIFT_OPTIMIZATION_LEVEL = "-Onone";
			};
			name = Debug;
		};
		ACA2A37C2A2AA56D00A7DDBD /* Release */ = {
			isa = XCBuildConfiguration;
			buildSettings = {
				ALWAYS_SEARCH_USER_PATHS = NO;
				CLANG_ANALYZER_NONNULL = YES;
				CLANG_ANALYZER_NUMBER_OBJECT_CONVERSION = YES_AGGRESSIVE;
				CLANG_CXX_LANGUAGE_STANDARD = "gnu++20";
				CLANG_ENABLE_MODULES = YES;
				CLANG_ENABLE_OBJC_ARC = YES;
				CLANG_ENABLE_OBJC_WEAK = YES;
				CLANG_WARN_BLOCK_CAPTURE_AUTORELEASING = YES;
				CLANG_WARN_BOOL_CONVERSION = YES;
				CLANG_WARN_COMMA = YES;
				CLANG_WARN_CONSTANT_CONVERSION = YES;
				CLANG_WARN_DEPRECATED_OBJC_IMPLEMENTATIONS = YES;
				CLANG_WARN_DIRECT_OBJC_ISA_USAGE = YES_ERROR;
				CLANG_WARN_DOCUMENTATION_COMMENTS = YES;
				CLANG_WARN_EMPTY_BODY = YES;
				CLANG_WARN_ENUM_CONVERSION = YES;
				CLANG_WARN_INFINITE_RECURSION = YES;
				CLANG_WARN_INT_CONVERSION = YES;
				CLANG_WARN_NON_LITERAL_NULL_CONVERSION = YES;
				CLANG_WARN_OBJC_IMPLICIT_RETAIN_SELF = YES;
				CLANG_WARN_OBJC_LITERAL_CONVERSION = YES;
				CLANG_WARN_OBJC_ROOT_CLASS = YES_ERROR;
				CLANG_WARN_QUOTED_INCLUDE_IN_FRAMEWORK_HEADER = YES;
				CLANG_WARN_RANGE_LOOP_ANALYSIS = YES;
				CLANG_WARN_STRICT_PROTOTYPES = YES;
				CLANG_WARN_SUSPICIOUS_MOVE = YES;
				CLANG_WARN_UNGUARDED_AVAILABILITY = YES_AGGRESSIVE;
				CLANG_WARN_UNREACHABLE_CODE = YES;
				CLANG_WARN__DUPLICATE_METHOD_MATCH = YES;
				COPY_PHASE_STRIP = NO;
				DEBUG_INFORMATION_FORMAT = "dwarf-with-dsym";
				ENABLE_NS_ASSERTIONS = NO;
				ENABLE_STRICT_OBJC_MSGSEND = YES;
				GCC_C_LANGUAGE_STANDARD = gnu11;
				GCC_NO_COMMON_BLOCKS = YES;
				GCC_WARN_64_TO_32_BIT_CONVERSION = YES;
				GCC_WARN_ABOUT_RETURN_TYPE = YES_ERROR;
				GCC_WARN_UNDECLARED_SELECTOR = YES;
				GCC_WARN_UNINITIALIZED_AUTOS = YES_AGGRESSIVE;
				GCC_WARN_UNUSED_FUNCTION = YES;
				GCC_WARN_UNUSED_VARIABLE = YES;
				IPHONEOS_DEPLOYMENT_TARGET = 16.2;
				MTL_ENABLE_DEBUG_INFO = NO;
				MTL_FAST_MATH = YES;
				SDKROOT = iphoneos;
				SWIFT_COMPILATION_MODE = wholemodule;
				SWIFT_OPTIMIZATION_LEVEL = "-O";
				VALIDATE_PRODUCT = YES;
			};
			name = Release;
		};
		ACA2A37E2A2AA56D00A7DDBD /* Debug */ = {
			isa = XCBuildConfiguration;
			buildSettings = {
				ASSETCATALOG_COMPILER_APPICON_NAME = AppIcon;
				ASSETCATALOG_COMPILER_GLOBAL_ACCENT_COLOR_NAME = AccentColor;
				CODE_SIGN_STYLE = Automatic;
				CURRENT_PROJECT_VERSION = 1;
				DEVELOPMENT_ASSET_PATHS = "\"SolfaDrill(prototype)/Preview Content\"";
				DEVELOPMENT_TEAM = 482344W3R3;
				ENABLE_PREVIEWS = YES;
				GENERATE_INFOPLIST_FILE = YES;
				INFOPLIST_KEY_UIApplicationSceneManifest_Generation = YES;
				INFOPLIST_KEY_UIApplicationSupportsIndirectInputEvents = YES;
				INFOPLIST_KEY_UILaunchScreen_Generation = YES;
				INFOPLIST_KEY_UISupportedInterfaceOrientations_iPad = "UIInterfaceOrientationPortrait UIInterfaceOrientationPortraitUpsideDown UIInterfaceOrientationLandscapeLeft UIInterfaceOrientationLandscapeRight";
				INFOPLIST_KEY_UISupportedInterfaceOrientations_iPhone = "UIInterfaceOrientationPortrait UIInterfaceOrientationLandscapeLeft UIInterfaceOrientationLandscapeRight";
				LD_RUNPATH_SEARCH_PATHS = (
					"$(inherited)",
					"@executable_path/Frameworks",
				);
				MARKETING_VERSION = 1.0;
				PRODUCT_BUNDLE_IDENTIFIER = "Artemaj.SolfaDrill-prototype-";
				PRODUCT_NAME = "$(TARGET_NAME)";
				SWIFT_EMIT_LOC_STRINGS = YES;
				SWIFT_VERSION = 5.0;
				TARGETED_DEVICE_FAMILY = "1,2";
			};
			name = Debug;
		};
		ACA2A37F2A2AA56D00A7DDBD /* Release */ = {
			isa = XCBuildConfiguration;
			buildSettings = {
				ASSETCATALOG_COMPILER_APPICON_NAME = AppIcon;
				ASSETCATALOG_COMPILER_GLOBAL_ACCENT_COLOR_NAME = AccentColor;
				CODE_SIGN_STYLE = Automatic;
				CURRENT_PROJECT_VERSION = 1;
				DEVELOPMENT_ASSET_PATHS = "\"SolfaDrill(prototype)/Preview Content\"";
				DEVELOPMENT_TEAM = 482344W3R3;
				ENABLE_PREVIEWS = YES;
				GENERATE_INFOPLIST_FILE = YES;
				INFOPLIST_KEY_UIApplicationSceneManifest_Generation = YES;
				INFOPLIST_KEY_UIApplicationSupportsIndirectInputEvents = YES;
				INFOPLIST_KEY_UILaunchScreen_Generation = YES;
				INFOPLIST_KEY_UISupportedInterfaceOrientations_iPad = "UIInterfaceOrientationPortrait UIInterfaceOrientationPortraitUpsideDown UIInterfaceOrientationLandscapeLeft UIInterfaceOrientationLandscapeRight";
				INFOPLIST_KEY_UISupportedInterfaceOrientations_iPhone = "UIInterfaceOrientationPortrait UIInterfaceOrientationLandscapeLeft UIInterfaceOrientationLandscapeRight";
				LD_RUNPATH_SEARCH_PATHS = (
					"$(inherited)",
					"@executable_path/Frameworks",
				);
				MARKETING_VERSION = 1.0;
				PRODUCT_BUNDLE_IDENTIFIER = "Artemaj.SolfaDrill-prototype-";
				PRODUCT_NAME = "$(TARGET_NAME)";
				SWIFT_EMIT_LOC_STRINGS = YES;
				SWIFT_VERSION = 5.0;
				TARGETED_DEVICE_FAMILY = "1,2";
			};
			name = Release;
		};
/* End XCBuildConfiguration section */

/* Begin XCConfigurationList section */
		ACA2A36A2A2AA56C00A7DDBD /* Build configuration list for PBXProject "SolfaDrill(prototype)" */ = {
			isa = XCConfigurationList;
			buildConfigurations = (
				ACA2A37B2A2AA56D00A7DDBD /* Debug */,
				ACA2A37C2A2AA56D00A7DDBD /* Release */,
			);
			defaultConfigurationIsVisible = 0;
			defaultConfigurationName = Release;
		};
		ACA2A37D2A2AA56D00A7DDBD /* Build configuration list for PBXNativeTarget "SolfaDrill(prototype)" */ = {
			isa = XCConfigurationList;
			buildConfigurations = (
				ACA2A37E2A2AA56D00A7DDBD /* Debug */,
				ACA2A37F2A2AA56D00A7DDBD /* Release */,
			);
			defaultConfigurationIsVisible = 0;
			defaultConfigurationName = Release;
		};
/* End XCConfigurationList section */
	};
	rootObject = ACA2A3672A2AA56C00A7DDBD /* Project object */;
}
